dependencies:
- name: api
  repository: file://../api
  version: 0.1.0
- name: worker
  repository: file://../worker
  version: 0.1.0
- name: idgetter
  repository: file://../idgetter
  version: 0.1.0
- name: kind-ingress-nginx
  repository: file://../kind-ingress-nginx
  version: 0.1.0
- name: metallb
  repository: https://metallb.github.io/metallb
  version: 0.13.7
- name: redpanda
  repository: https://charts.redpanda.com
  version: 2.8.6
- name: aerospike
  repository: https://aerospike.github.io/aerospike-kubernetes
  version: 5.5.0
digest: sha256:d80624877f531ed70d236f5d576ea903ee120b0fb3e8667f0f357286085aa905
generated: "2023-02-09T21:39:12.310064598+01:00"
