dependencies:
- name: gitlab-secret
  repository: file://../gitlab-secret
  version: 0.1.0
- name: api
  repository: file://../api
  version: 0.1.0
- name: worker
  repository: file://../worker
  version: 0.1.0
- name: idgetter
  repository: file://../idgetter
  version: 0.1.0
- name: kind-ingress-nginx
  repository: file://../kind-ingress-nginx
  version: 0.1.0
- name: metallb
  repository: https://metallb.github.io/metallb
  version: 0.13.7
- name: redpanda
  repository: https://charts.redpanda.com
  version: 2.8.6
digest: sha256:b39f5c0bcaecbcf69c6d2c0632680369fd0a06d794bebd295fad933beb065087
generated: "2023-02-16T00:15:20.619161954+01:00"
